
Microsoft Visual Studio Solution File, Format Version 12.00
# Visual Studio 15
VisualStudioVersion = 15.0.28307.1340
MinimumVisualStudioVersion = 10.0.40219.1
Project("{FAE04EC0-301F-11D3-BF4B-00C04F79EFBC}") = "ConsoleApp1", "ConsoleApp1\ConsoleApp1.csproj", "{F98B7265-D8B6-4475-9FB9-6EDDAB713D8A}"
EndProject
Project("{FAE04EC0-301F-11D3-BF4B-00C04F79EFBC}") = "ConsoleApp2", "ConsoleApp2\ConsoleApp2.csproj", "{2B7FB5F8-512A-44AD-946F-585374E6ED93}"
EndProject
Project("{FAE04EC0-301F-11D3-BF4B-00C04F79EFBC}") = "ConsoleApp3", "ConsoleApp3\ConsoleApp3.csproj", "{B98DE35F-DCAA-4C4D-9C88-0D67FE676B2A}"
EndProject
Project("{FAE04EC0-301F-11D3-BF4B-00C04F79EFBC}") = "WpfApp1", "WpfApp1\WpfApp1.csproj", "{BA77E013-BE7C-4686-9095-F35AF88DAA44}"
EndProject
Global
	GlobalSection(SolutionConfigurationPlatforms) = preSolution
		Debug|Any CPU = Debug|Any CPU
		Release|Any CPU = Release|Any CPU
	EndGlobalSection
	GlobalSection(ProjectConfigurationPlatforms) = postSolution
		{F98B7265-D8B6-4475-9FB9-6EDDAB713D8A}.Debug|Any CPU.ActiveCfg = Debug|Any CPU
		{F98B7265-D8B6-4475-9FB9-6EDDAB713D8A}.Debug|Any CPU.Build.0 = Debug|Any CPU
		{F98B7265-D8B6-4475-9FB9-6EDDAB713D8A}.Release|Any CPU.ActiveCfg = Release|Any CPU
		{F98B7265-D8B6-4475-9FB9-6EDDAB713D8A}.Release|Any CPU.Build.0 = Release|Any CPU
		{2B7FB5F8-512A-44AD-946F-585374E6ED93}.Debug|Any CPU.ActiveCfg = Debug|Any CPU
		{2B7FB5F8-512A-44AD-946F-585374E6ED93}.Debug|Any CPU.Build.0 = Debug|Any CPU
		{2B7FB5F8-512A-44AD-946F-585374E6ED93}.Release|Any CPU.ActiveCfg = Release|Any CPU
		{2B7FB5F8-512A-44AD-946F-585374E6ED93}.Release|Any CPU.Build.0 = Release|Any CPU
		{B98DE35F-DCAA-4C4D-9C88-0D67FE676B2A}.Debug|Any CPU.ActiveCfg = Debug|Any CPU
		{B98DE35F-DCAA-4C4D-9C88-0D67FE676B2A}.Debug|Any CPU.Build.0 = Debug|Any CPU
		{B98DE35F-DCAA-4C4D-9C88-0D67FE676B2A}.Release|Any CPU.ActiveCfg = Release|Any CPU
		{B98DE35F-DCAA-4C4D-9C88-0D67FE676B2A}.Release|Any CPU.Build.0 = Release|Any CPU
		{BA77E013-BE7C-4686-9095-F35AF88DAA44}.Debug|Any CPU.ActiveCfg = Debug|Any CPU
		{BA77E013-BE7C-4686-9095-F35AF88DAA44}.Debug|Any CPU.Build.0 = Debug|Any CPU
		{BA77E013-BE7C-4686-9095-F35AF88DAA44}.Release|Any CPU.ActiveCfg = Release|Any CPU
		{BA77E013-BE7C-4686-9095-F35AF88DAA44}.Release|Any CPU.Build.0 = Release|Any CPU
	EndGlobalSection
	GlobalSection(SolutionProperties) = preSolution
		HideSolutionNode = FALSE
	EndGlobalSection
	GlobalSection(ExtensibilityGlobals) = postSolution
		SolutionGuid = {7487F406-E47B-45E2-8FC7-035CB00B3EB9}
	EndGlobalSection
EndGlobal
